
Microsoft Visual Studio Solution File, Format Version 12.00
# Visual Studio Version 16
VisualStudioVersion = 16.0.30011.22
MinimumVisualStudioVersion = 10.0.40219.1
Project("{FAE04EC0-301F-11D3-BF4B-00C04F79EFBC}") = "TestApp", "TestApp\TestApp.csproj", "{2822903C-6375-43FC-B82D-6C8E04462B8E}"
EndProject
Project("{9A19103F-16F7-4668-BE54-9A1E7A4F7556}") = "VrLifeAPI", "..\..\..\Documents\VRLife\src\VrLifeAPI\VrLifeAPI.csproj", "{945266C1-E9D6-4905-8984-9FC76409BBC9}"
EndProject
Project("{FAE04EC0-301F-11D3-BF4B-00C04F79EFBC}") = "TestAppClient", "TestAppClient\TestAppClient.csproj", "{DCD758FD-1AA8-44E0-8B46-31BCB3CB9E7C}"
EndProject
Global
	GlobalSection(SolutionConfigurationPlatforms) = preSolution
		Debug|Any CPU = Debug|Any CPU
		Release|Any CPU = Release|Any CPU
	EndGlobalSection
	GlobalSection(ProjectConfigurationPlatforms) = postSolution
		{2822903C-6375-43FC-B82D-6C8E04462B8E}.Debug|Any CPU.ActiveCfg = Debug|Any CPU
		{2822903C-6375-43FC-B82D-6C8E04462B8E}.Debug|Any CPU.Build.0 = Debug|Any CPU
		{2822903C-6375-43FC-B82D-6C8E04462B8E}.Release|Any CPU.ActiveCfg = Release|Any CPU
		{2822903C-6375-43FC-B82D-6C8E04462B8E}.Release|Any CPU.Build.0 = Release|Any CPU
		{945266C1-E9D6-4905-8984-9FC76409BBC9}.Debug|Any CPU.ActiveCfg = Debug|Any CPU
		{945266C1-E9D6-4905-8984-9FC76409BBC9}.Debug|Any CPU.Build.0 = Debug|Any CPU
		{945266C1-E9D6-4905-8984-9FC76409BBC9}.Release|Any CPU.ActiveCfg = Release|Any CPU
		{945266C1-E9D6-4905-8984-9FC76409BBC9}.Release|Any CPU.Build.0 = Release|Any CPU
		{DCD758FD-1AA8-44E0-8B46-31BCB3CB9E7C}.Debug|Any CPU.ActiveCfg = Debug|Any CPU
		{DCD758FD-1AA8-44E0-8B46-31BCB3CB9E7C}.Debug|Any CPU.Build.0 = Debug|Any CPU
		{DCD758FD-1AA8-44E0-8B46-31BCB3CB9E7C}.Release|Any CPU.ActiveCfg = Release|Any CPU
		{DCD758FD-1AA8-44E0-8B46-31BCB3CB9E7C}.Release|Any CPU.Build.0 = Release|Any CPU
	EndGlobalSection
	GlobalSection(SolutionProperties) = preSolution
		HideSolutionNode = FALSE
	EndGlobalSection
	GlobalSection(ExtensibilityGlobals) = postSolution
		SolutionGuid = {6752FB22-F1D5-4CD5-930B-C060B6ED708D}
	EndGlobalSection
EndGlobal
