
Microsoft Visual Studio Solution File, Format Version 12.00
# Visual Studio 15
VisualStudioVersion = 15.0.27004.2008
MinimumVisualStudioVersion = 10.0.40219.1
Project("{FAE04EC0-301F-11D3-BF4B-00C04F79EFBC}") = "VoIPTest", "VoIPTest\VoIPTest.csproj", "{F766D944-3A97-481C-B0CB-4F2D0C48C094}"
EndProject
Global
	GlobalSection(SolutionConfigurationPlatforms) = preSolution
		Debug|Any CPU = Debug|Any CPU
		Release|Any CPU = Release|Any CPU
	EndGlobalSection
	GlobalSection(ProjectConfigurationPlatforms) = postSolution
		{F766D944-3A97-481C-B0CB-4F2D0C48C094}.Debug|Any CPU.ActiveCfg = Debug|Any CPU
		{F766D944-3A97-481C-B0CB-4F2D0C48C094}.Debug|Any CPU.Build.0 = Debug|Any CPU
		{F766D944-3A97-481C-B0CB-4F2D0C48C094}.Release|Any CPU.ActiveCfg = Release|Any CPU
		{F766D944-3A97-481C-B0CB-4F2D0C48C094}.Release|Any CPU.Build.0 = Release|Any CPU
	EndGlobalSection
	GlobalSection(SolutionProperties) = preSolution
		HideSolutionNode = FALSE
	EndGlobalSection
	GlobalSection(ExtensibilityGlobals) = postSolution
		SolutionGuid = {B8F1B45F-5AF7-4FCD-B5F6-45C68C69ADE0}
	EndGlobalSection
EndGlobal
