
Microsoft Visual Studio Solution File, Format Version 12.00
# Visual Studio 15
VisualStudioVersion = 15.0.27004.2008
MinimumVisualStudioVersion = 10.0.40219.1
Project("{FAE04EC0-301F-11D3-BF4B-00C04F79EFBC}") = "VoIPTest", "VoIPTest\VoIPTest.csproj", "{0AC2CDE6-9315-4C3D-BAA5-19F3FB9192C1}"
EndProject
Project("{FAE04EC0-301F-11D3-BF4B-00C04F79EFBC}") = "VoIPLib", "..\..\src\VoIPLib\VoIPLib.csproj", "{110B9707-12E5-47F0-9B2E-827EAADC7445}"
EndProject
Global
	GlobalSection(SolutionConfigurationPlatforms) = preSolution
		Debug|Any CPU = Debug|Any CPU
		Release|Any CPU = Release|Any CPU
	EndGlobalSection
	GlobalSection(ProjectConfigurationPlatforms) = postSolution
		{0AC2CDE6-9315-4C3D-BAA5-19F3FB9192C1}.Debug|Any CPU.ActiveCfg = Debug|Any CPU
		{0AC2CDE6-9315-4C3D-BAA5-19F3FB9192C1}.Debug|Any CPU.Build.0 = Debug|Any CPU
		{0AC2CDE6-9315-4C3D-BAA5-19F3FB9192C1}.Release|Any CPU.ActiveCfg = Release|Any CPU
		{0AC2CDE6-9315-4C3D-BAA5-19F3FB9192C1}.Release|Any CPU.Build.0 = Release|Any CPU
		{110B9707-12E5-47F0-9B2E-827EAADC7445}.Debug|Any CPU.ActiveCfg = Debug|Any CPU
		{110B9707-12E5-47F0-9B2E-827EAADC7445}.Debug|Any CPU.Build.0 = Debug|Any CPU
		{110B9707-12E5-47F0-9B2E-827EAADC7445}.Release|Any CPU.ActiveCfg = Release|Any CPU
		{110B9707-12E5-47F0-9B2E-827EAADC7445}.Release|Any CPU.Build.0 = Release|Any CPU
	EndGlobalSection
	GlobalSection(SolutionProperties) = preSolution
		HideSolutionNode = FALSE
	EndGlobalSection
	GlobalSection(ExtensibilityGlobals) = postSolution
		SolutionGuid = {4634E956-B5B7-447B-9D2D-4AA1209A9BF8}
	EndGlobalSection
EndGlobal
