
Microsoft Visual Studio Solution File, Format Version 12.00
# Visual Studio 15
Project("{FAE04EC0-301F-11D3-BF4B-00C04F79EFBC}") = "VrLifeServer", "VrLifeServer\VrLifeServer.csproj", "{8ECE7BDC-933A-44D9-BE3C-9DD7D2DCF2E0}"
EndProject
Global
	GlobalSection(SolutionConfigurationPlatforms) = preSolution
		Debug|Any CPU = Debug|Any CPU
		Release|Any CPU = Release|Any CPU
	EndGlobalSection
	GlobalSection(ProjectConfigurationPlatforms) = postSolution
		{8ECE7BDC-933A-44D9-BE3C-9DD7D2DCF2E0}.Debug|Any CPU.ActiveCfg = Debug|Any CPU
		{8ECE7BDC-933A-44D9-BE3C-9DD7D2DCF2E0}.Debug|Any CPU.Build.0 = Debug|Any CPU
		{8ECE7BDC-933A-44D9-BE3C-9DD7D2DCF2E0}.Release|Any CPU.ActiveCfg = Release|Any CPU
		{8ECE7BDC-933A-44D9-BE3C-9DD7D2DCF2E0}.Release|Any CPU.Build.0 = Release|Any CPU
	EndGlobalSection
EndGlobal
